uuid: 7e3e8c7d-b44b-4f5d-9769-82fb0cee4a0b
langcode: en
status: false
dependencies:
  theme:
    - mondialfrutta
id: sampleblock
theme: mondialfrutta
region: header
weight: -3
provider: null
plugin: sample_block
settings:
  id: sample_block
  label: 'Sample block'
  provider: sampleblk
  label_display: visible
visibility: {  }
