uuid: c52b2472-950d-4d8d-a51e-d4684aadf64b
langcode: en
status: true
dependencies:
  config:
    - block_content.type.fascia_hp
    - field.storage.block_content.field_testo_block
id: block_content.fascia_hp.field_testo_block
field_name: field_testo_block
entity_type: block_content
bundle: fascia_hp
label: testo
description: ''
required: false
translatable: false
default_value: {  }
default_value_callback: ''
settings: {  }
field_type: string_long
