uuid: 7a2bf6c4-df3c-4950-a832-a7de13836bdb
langcode: en
status: true
dependencies:
  module:
    - block_content
id: block_content.field_testo_block
field_name: field_testo_block
entity_type: block_content
type: string_long
settings:
  case_sensitive: false
module: core
locked: false
cardinality: 1
translatable: true
indexes: {  }
persist_with_no_fields: false
custom_storage: false
